// !$*UTF8*$!
{
	archiveVersion = 1;
	classes = {
	};
	objectVersion = 50;
	objects = {

/* Begin PBXBuildFile section */
		512519A4221B6665001B2539 /* AppDelegate.swift in Sources */ = {isa = PBXBuildFile; fileRef = 512519A3221B6665001B2539 /* AppDelegate.swift */; };
		512519A6221B6665001B2539 /* ViewController.swift in Sources */ = {isa = PBXBuildFile; fileRef = 512519A5221B6665001B2539 /* ViewController.swift */; };
		512519A9221B6665001B2539 /* Main.storyboard in Resources */ = {isa = PBXBuildFile; fileRef = 512519A7221B6665001B2539 /* Main.storyboard */; };
		512519AB221B6668001B2539 /* Assets.xcassets in Resources */ = {isa = PBXBuildFile; fileRef = 512519AA221B6668001B2539 /* Assets.xcassets */; };
		512519AE221B6668001B2539 /* LaunchScreen.storyboard in Resources */ = {isa = PBXBuildFile; fileRef = 512519AC221B6668001B2539 /* LaunchScreen.storyboard */; };
		512519B9221B6668001B2539 /* GestureTests.swift in Sources */ = {isa = PBXBuildFile; fileRef = 512519B8221B6668001B2539 /* GestureTests.swift */; };
		512519C4221B6668001B2539 /* GestureUITests.swift in Sources */ = {isa = PBXBuildFile; fileRef = 512519C3221B6668001B2539 /* GestureUITests.swift */; };
/* End PBXBuildFile section */

/* Begin PBXContainerItemProxy section */
		512519B5221B6668001B2539 /* PBXContainerItemProxy */ = {
			isa = PBXContainerItemProxy;
			containerPortal = 51251998221B6665001B2539 /* Project object */;
			proxyType = 1;
			remoteGlobalIDString = 5125199F221B6665001B2539;
			remoteInfo = Gesture;
		};
		512519C0221B6668001B2539 /* PBXContainerItemProxy */ = {
			isa = PBXContainerItemProxy;
			containerPortal = 51251998221B6665001B2539 /* Project object */;
			proxyType = 1;
			remoteGlobalIDString = 5125199F221B6665001B2539;
			remoteInfo = Gesture;
		};
/* End PBXContainerItemProxy section */

/* Begin PBXFileReference section */
		512519A0221B6665001B2539 /* Gesture.app */ = {isa = PBXFileReference; explicitFileType = wrapper.application; includeInIndex = 0; path = Gesture.app; sourceTree = BUILT_PRODUCTS_DIR; };
		512519A3221B6665001B2539 /* AppDelegate.swift */ = {isa = PBXFileReference; lastKnownFileType = sourcecode.swift; path = AppDelegate.swift; sourceTree = "<group>"; };
		512519A5221B6665001B2539 /* ViewController.swift */ = {isa = PBXFileReference; lastKnownFileType = sourcecode.swift; path = ViewController.swift; sourceTree = "<group>"; };
		512519A8221B6665001B2539 /* Base */ = {isa = PBXFileReference; lastKnownFileType = file.storyboard; name = Base; path = Base.lproj/Main.storyboard; sourceTree = "<group>"; };
		512519AA221B6668001B2539 /* Assets.xcassets */ = {isa = PBXFileReference; lastKnownFileType = folder.assetcatalog; path = Assets.xcassets; sourceTree = "<group>"; };
		512519AD221B6668001B2539 /* Base */ = {isa = PBXFileReference; lastKnownFileType = file.storyboard; name = Base; path = Base.lproj/LaunchScreen.storyboard; sourceTree = "<group>"; };
		512519AF221B6668001B2539 /* Info.plist */ = {isa = PBXFileReference; lastKnownFileType = text.plist.xml; path = Info.plist; sourceTree = "<group>"; };
		512519B4221B6668001B2539 /* GestureTests.xctest */ = {isa = PBXFileReference; explicitFileType = wrapper.cfbundle; includeInIndex = 0; path = GestureTests.xctest; sourceTree = BUILT_PRODUCTS_DIR; };
		512519B8221B6668001B2539 /* GestureTests.swift */ = {isa = PBXFileReference; lastKnownFileType = sourcecode.swift; path = GestureTests.swift; sourceTree = "<group>"; };
		512519BA221B6668001B2539 /* Info.plist */ = {isa = PBXFileReference; lastKnownFileType = text.plist.xml; path = Info.plist; sourceTree = "<group>"; };
		512519BF221B6668001B2539 /* GestureUITests.xctest */ = {isa = PBXFileReference; explicitFileType = wrapper.cfbundle; includeInIndex = 0; path = GestureUITests.xctest; sourceTree = BUILT_PRODUCTS_DIR; };
		512519C3221B6668001B2539 /* GestureUITests.swift */ = {isa = PBXFileReference; lastKnownFileType = sourcecode.swift; path = GestureUITests.swift; sourceTree = "<group>"; };
		512519C5221B6668001B2539 /* Info.plist */ = {isa = PBXFileReference; lastKnownFileType = text.plist.xml; path = Info.plist; sourceTree = "<group>"; };
/* End PBXFileReference section */

/* Begin PBXFrameworksBuildPhase section */
		5125199D221B6665001B2539 /* Frameworks */ = {
			isa = PBXFrameworksBuildPhase;
			buildActionMask = 2147483647;
			files = (
			);
			runOnlyForDeploymentPostprocessing = 0;
		};
		512519B1221B6668001B2539 /* Frameworks */ = {
			isa = PBXFrameworksBuildPhase;
			buildActionMask = 2147483647;
			files = (
			);
			runOnlyForDeploymentPostprocessing = 0;
		};
		512519BC221B6668001B2539 /* Frameworks */ = {
			isa = PBXFrameworksBuildPhase;
			buildActionMask = 2147483647;
			files = (
			);
			runOnlyForDeploymentPostprocessing = 0;
		};
/* End PBXFrameworksBuildPhase section */

/* Begin PBXGroup section */
		51251997221B6665001B2539 = {
			isa = PBXGroup;
			children = (
				512519A2221B6665001B2539 /* Gesture */,
				512519B7221B6668001B2539 /* GestureTests */,
				512519C2221B6668001B2539 /* GestureUITests */,
				512519A1221B6665001B2539 /* Products */,
			);
			sourceTree = "<group>";
		};
		512519A1221B6665001B2539 /* Products */ = {
			isa = PBXGroup;
			children = (
				512519A0221B6665001B2539 /* Gesture.app */,
				512519B4221B6668001B2539 /* GestureTests.xctest */,
				512519BF221B6668001B2539 /* GestureUITests.xctest */,
			);
			name = Products;
			sourceTree = "<group>";
		};
		512519A2221B6665001B2539 /* Gesture */ = {
			isa = PBXGroup;
			children = (
				512519A3221B6665001B2539 /* AppDelegate.swift */,
				512519A5221B6665001B2539 /* ViewController.swift */,
				512519A7221B6665001B2539 /* Main.storyboard */,
				512519AA221B6668001B2539 /* Assets.xcassets */,
				512519AC221B6668001B2539 /* LaunchScreen.storyboard */,
				512519AF221B6668001B2539 /* Info.plist */,
			);
			path = Gesture;
			sourceTree = "<group>";
		};
		512519B7221B6668001B2539 /* GestureTests */ = {
			isa = PBXGroup;
			children = (
				512519B8221B6668001B2539 /* GestureTests.swift */,
				512519BA221B6668001B2539 /* Info.plist */,
			);
			path = GestureTests;
			sourceTree = "<group>";
		};
		512519C2221B6668001B2539 /* GestureUITests */ = {
			isa = PBXGroup;
			children = (
				512519C3221B6668001B2539 /* GestureUITests.swift */,
				512519C5221B6668001B2539 /* Info.plist */,
			);
			path = GestureUITests;
			sourceTree = "<group>";
		};
/* End PBXGroup section */

/* Begin PBXNativeTarget section */
		5125199F221B6665001B2539 /* Gesture */ = {
			isa = PBXNativeTarget;
			buildConfigurationList = 512519C8221B6668001B2539 /* Build configuration list for PBXNativeTarget "Gesture" */;
			buildPhases = (
				5125199C221B6665001B2539 /* Sources */,
				5125199D221B6665001B2539 /* Frameworks */,
				5125199E221B6665001B2539 /* Resources */,
			);
			buildRules = (
			);
			dependencies = (
			);
			name = Gesture;
			productName = Gesture;
			productReference = 512519A0221B6665001B2539 /* Gesture.app */;
			productType = "com.apple.product-type.application";
		};
		512519B3221B6668001B2539 /* GestureTests */ = {
			isa = PBXNativeTarget;
			buildConfigurationList = 512519CB221B6668001B2539 /* Build configuration list for PBXNativeTarget "GestureTests" */;
			buildPhases = (
				512519B0221B6668001B2539 /* Sources */,
				512519B1221B6668001B2539 /* Frameworks */,
				512519B2221B6668001B2539 /* Resources */,
			);
			buildRules = (
			);
			dependencies = (
				512519B6221B6668001B2539 /* PBXTargetDependency */,
			);
			name = GestureTests;
			productName = GestureTests;
			productReference = 512519B4221B6668001B2539 /* GestureTests.xctest */;
			productType = "com.apple.product-type.bundle.unit-test";
		};
		512519BE221B6668001B2539 /* GestureUITests */ = {
			isa = PBXNativeTarget;
			buildConfigurationList = 512519CE221B6668001B2539 /* Build configuration list for PBXNativeTarget "GestureUITests" */;
			buildPhases = (
				512519BB221B6668001B2539 /* Sources */,
				512519BC221B6668001B2539 /* Frameworks */,
				512519BD221B6668001B2539 /* Resources */,
			);
			buildRules = (
			);
			dependencies = (
				512519C1221B6668001B2539 /* PBXTargetDependency */,
			);
			name = GestureUITests;
			productName = GestureUITests;
			productReference = 512519BF221B6668001B2539 /* GestureUITests.xctest */;
			productType = "com.apple.product-type.bundle.ui-testing";
		};
/* End PBXNativeTarget section */

/* Begin PBXProject section */
		51251998221B6665001B2539 /* Project object */ = {
			isa = PBXProject;
			attributes = {
				LastSwiftUpdateCheck = 1010;
				LastUpgradeCheck = 1010;
				TargetAttributes = {
					5125199F221B6665001B2539 = {
						CreatedOnToolsVersion = 10.1;
					};
					512519B3221B6668001B2539 = {
						CreatedOnToolsVersion = 10.1;
						TestTargetID = 5125199F221B6665001B2539;
					};
					512519BE221B6668001B2539 = {
						CreatedOnToolsVersion = 10.1;
						TestTargetID = 5125199F221B6665001B2539;
					};
				};
			};
			buildConfigurationList = 5125199B221B6665001B2539 /* Build configuration list for PBXProject "Gesture" */;
			compatibilityVersion = "Xcode 9.3";
			developmentRegion = en;
			hasScannedForEncodings = 0;
			knownRegions = (
				en,
				Base,
			);
			mainGroup = 51251997221B6665001B2539;
			productRefGroup = 512519A1221B6665001B2539 /* Products */;
			projectDirPath = "";
			projectRoot = "";
			targets = (
				5125199F221B6665001B2539 /* Gesture */,
				512519B3221B6668001B2539 /* GestureTests */,
				512519BE221B6668001B2539 /* GestureUITests */,
			);
		};
/* End PBXProject section */

/* Begin PBXResourcesBuildPhase section */
		5125199E221B6665001B2539 /* Resources */ = {
			isa = PBXResourcesBuildPhase;
			buildActionMask = 2147483647;
			files = (
				512519AE221B6668001B2539 /* LaunchScreen.storyboard in Resources */,
				512519AB221B6668001B2539 /* Assets.xcassets in Resources */,
				512519A9221B6665001B2539 /* Main.storyboard in Resources */,
			);
			runOnlyForDeploymentPostprocessing = 0;
		};
		512519B2221B6668001B2539 /* Resources */ = {
			isa = PBXResourcesBuildPhase;
			buildActionMask = 2147483647;
			files = (
			);
			runOnlyForDeploymentPostprocessing = 0;
		};
		512519BD221B6668001B2539 /* Resources */ = {
			isa = PBXResourcesBuildPhase;
			buildActionMask = 2147483647;
			files = (
			);
			runOnlyForDeploymentPostprocessing = 0;
		};
/* End PBXResourcesBuildPhase section */

/* Begin PBXSourcesBuildPhase section */
		5125199C221B6665001B2539 /* Sources */ = {
			isa = PBXSourcesBuildPhase;
			buildActionMask = 2147483647;
			files = (
				512519A6221B6665001B2539 /* ViewController.swift in Sources */,
				512519A4221B6665001B2539 /* AppDelegate.swift in Sources */,
			);
			runOnlyForDeploymentPostprocessing = 0;
		};
		512519B0221B6668001B2539 /* Sources */ = {
			isa = PBXSourcesBuildPhase;
			buildActionMask = 2147483647;
			files = (
				512519B9221B6668001B2539 /* GestureTests.swift in Sources */,
			);
			runOnlyForDeploymentPostprocessing = 0;
		};
		512519BB221B6668001B2539 /* Sources */ = {
			isa = PBXSourcesBuildPhase;
			buildActionMask = 2147483647;
			files = (
				512519C4221B6668001B2539 /* GestureUITests.swift in Sources */,
			);
			runOnlyForDeploymentPostprocessing = 0;
		};
/* End PBXSourcesBuildPhase section */

/* Begin PBXTargetDependency section */
		512519B6221B6668001B2539 /* PBXTargetDependency */ = {
			isa = PBXTargetDependency;
			target = 5125199F221B6665001B2539 /* Gesture */;
			targetProxy = 512519B5221B6668001B2539 /* PBXContainerItemProxy */;
		};
		512519C1221B6668001B2539 /* PBXTargetDependency */ = {
			isa = PBXTargetDependency;
			target = 5125199F221B6665001B2539 /* Gesture */;
			targetProxy = 512519C0221B6668001B2539 /* PBXContainerItemProxy */;
		};
/* End PBXTargetDependency section */

/* Begin PBXVariantGroup section */
		512519A7221B6665001B2539 /* Main.storyboard */ = {
			isa = PBXVariantGroup;
			children = (
				512519A8221B6665001B2539 /* Base */,
			);
			name = Main.storyboard;
			sourceTree = "<group>";
		};
		512519AC221B6668001B2539 /* LaunchScreen.storyboard */ = {
			isa = PBXVariantGroup;
			children = (
				512519AD221B6668001B2539 /* Base */,
			);
			name = LaunchScreen.storyboard;
			sourceTree = "<group>";
		};
/* End PBXVariantGroup section */

/* Begin XCBuildConfiguration section */
		512519C6221B6668001B2539 /* Debug */ = {
			isa = XCBuildConfiguration;
			buildSettings = {
				ALWAYS_SEARCH_USER_PATHS = NO;
				CLANG_ANALYZER_NONNULL = YES;
				CLANG_ANALYZER_NUMBER_OBJECT_CONVERSION = YES_AGGRESSIVE;
				CLANG_CXX_LANGUAGE_STANDARD = "gnu++14";
				CLANG_CXX_LIBRARY = "libc++";
				CLANG_ENABLE_MODULES = YES;
				CLANG_ENABLE_OBJC_ARC = YES;
				CLANG_ENABLE_OBJC_WEAK = YES;
				CLANG_WARN_BLOCK_CAPTURE_AUTORELEASING = YES;
				CLANG_WARN_BOOL_CONVERSION = YES;
				CLANG_WARN_COMMA = YES;
				CLANG_WARN_CONSTANT_CONVERSION = YES;
				CLANG_WARN_DEPRECATED_OBJC_IMPLEMENTATIONS = YES;
				CLANG_WARN_DIRECT_OBJC_ISA_USAGE = YES_ERROR;
				CLANG_WARN_DOCUMENTATION_COMMENTS = YES;
				CLANG_WARN_EMPTY_BODY = YES;
				CLANG_WARN_ENUM_CONVERSION = YES;
				CLANG_WARN_INFINITE_RECURSION = YES;
				CLANG_WARN_INT_CONVERSION = YES;
				CLANG_WARN_NON_LITERAL_NULL_CONVERSION = YES;
				CLANG_WARN_OBJC_IMPLICIT_RETAIN_SELF = YES;
				CLANG_WARN_OBJC_LITERAL_CONVERSION = YES;
				CLANG_WARN_OBJC_ROOT_CLASS = YES_ERROR;
				CLANG_WARN_RANGE_LOOP_ANALYSIS = YES;
				CLANG_WARN_STRICT_PROTOTYPES = YES;
				CLANG_WARN_SUSPICIOUS_MOVE = YES;
				CLANG_WARN_UNGUARDED_AVAILABILITY = YES_AGGRESSIVE;
				CLANG_WARN_UNREACHABLE_CODE = YES;
				CLANG_WARN__DUPLICATE_METHOD_MATCH = YES;
				CODE_SIGN_IDENTITY = "iPhone Developer";
				COPY_PHASE_STRIP = NO;
				DEBUG_INFORMATION_FORMAT = dwarf;
				ENABLE_STRICT_OBJC_MSGSEND = YES;
				ENABLE_TESTABILITY = YES;
				GCC_C_LANGUAGE_STANDARD = gnu11;
				GCC_DYNAMIC_NO_PIC = NO;
				GCC_NO_COMMON_BLOCKS = YES;
				GCC_OPTIMIZATION_LEVEL = 0;
				GCC_PREPROCESSOR_DEFINITIONS = (
					"DEBUG=1",
					"$(inherited)",
				);
				GCC_WARN_64_TO_32_BIT_CONVERSION = YES;
				GCC_WARN_ABOUT_RETURN_TYPE = YES_ERROR;
				GCC_WARN_UNDECLARED_SELECTOR = YES;
				GCC_WARN_UNINITIALIZED_AUTOS = YES_AGGRESSIVE;
				GCC_WARN_UNUSED_FUNCTION = YES;
				GCC_WARN_UNUSED_VARIABLE = YES;
				IPHONEOS_DEPLOYMENT_TARGET = 12.1;
				MTL_ENABLE_DEBUG_INFO = INCLUDE_SOURCE;
				MTL_FAST_MATH = YES;
				ONLY_ACTIVE_ARCH = YES;
				SDKROOT = iphoneos;
				SWIFT_ACTIVE_COMPILATION_CONDITIONS = DEBUG;
				SWIFT_OPTIMIZATION_LEVEL = "-Onone";
			};
			name = Debug;
		};
		512519C7221B6668001B2539 /* Release */ = {
			isa = XCBuildConfiguration;
			buildSettings = {
				ALWAYS_SEARCH_USER_PATHS = NO;
				CLANG_ANALYZER_NONNULL = YES;
				CLANG_ANALYZER_NUMBER_OBJECT_CONVERSION = YES_AGGRESSIVE;
				CLANG_CXX_LANGUAGE_STANDARD = "gnu++14";
				CLANG_CXX_LIBRARY = "libc++";
				CLANG_ENABLE_MODULES = YES;
				CLANG_ENABLE_OBJC_ARC = YES;
				CLANG_ENABLE_OBJC_WEAK = YES;
				CLANG_WARN_BLOCK_CAPTURE_AUTORELEASING = YES;
				CLANG_WARN_BOOL_CONVERSION = YES;
				CLANG_WARN_COMMA = YES;
				CLANG_WARN_CONSTANT_CONVERSION = YES;
				CLANG_WARN_DEPRECATED_OBJC_IMPLEMENTATIONS = YES;
				CLANG_WARN_DIRECT_OBJC_ISA_USAGE = YES_ERROR;
				CLANG_WARN_DOCUMENTATION_COMMENTS = YES;
				CLANG_WARN_EMPTY_BODY = YES;
				CLANG_WARN_ENUM_CONVERSION = YES;
				CLANG_WARN_INFINITE_RECURSION = YES;
				CLANG_WARN_INT_CONVERSION = YES;
				CLANG_WARN_NON_LITERAL_NULL_CONVERSION = YES;
				CLANG_WARN_OBJC_IMPLICIT_RETAIN_SELF = YES;
				CLANG_WARN_OBJC_LITERAL_CONVERSION = YES;
				CLANG_WARN_OBJC_ROOT_CLASS = YES_ERROR;
				CLANG_WARN_RANGE_LOOP_ANALYSIS = YES;
				CLANG_WARN_STRICT_PROTOTYPES = YES;
				CLANG_WARN_SUSPICIOUS_MOVE = YES;
				CLANG_WARN_UNGUARDED_AVAILABILITY = YES_AGGRESSIVE;
				CLANG_WARN_UNREACHABLE_CODE = YES;
				CLANG_WARN__DUPLICATE_METHOD_MATCH = YES;
				CODE_SIGN_IDENTITY = "iPhone Developer";
				COPY_PHASE_STRIP = NO;
				DEBUG_INFORMATION_FORMAT = "dwarf-with-dsym";
				ENABLE_NS_ASSERTIONS = NO;
				ENABLE_STRICT_OBJC_MSGSEND = YES;
				GCC_C_LANGUAGE_STANDARD = gnu11;
				GCC_NO_COMMON_BLOCKS = YES;
				GCC_WARN_64_TO_32_BIT_CONVERSION = YES;
				GCC_WARN_ABOUT_RETURN_TYPE = YES_ERROR;
				GCC_WARN_UNDECLARED_SELECTOR = YES;
				GCC_WARN_UNINITIALIZED_AUTOS = YES_AGGRESSIVE;
				GCC_WARN_UNUSED_FUNCTION = YES;
				GCC_WARN_UNUSED_VARIABLE = YES;
				IPHONEOS_DEPLOYMENT_TARGET = 12.1;
				MTL_ENABLE_DEBUG_INFO = NO;
				MTL_FAST_MATH = YES;
				SDKROOT = iphoneos;
				SWIFT_COMPILATION_MODE = wholemodule;
				SWIFT_OPTIMIZATION_LEVEL = "-O";
				VALIDATE_PRODUCT = YES;
			};
			name = Release;
		};
		512519C9221B6668001B2539 /* Debug */ = {
			isa = XCBuildConfiguration;
			buildSettings = {
				ASSETCATALOG_COMPILER_APPICON_NAME = AppIcon;
				CODE_SIGN_STYLE = Automatic;
				DEVELOPMENT_TEAM = 49XNQU2L99;
				INFOPLIST_FILE = Gesture/Info.plist;
				LD_RUNPATH_SEARCH_PATHS = (
					"$(inherited)",
					"@executable_path/Frameworks",
				);
				PRODUCT_BUNDLE_IDENTIFIER = com.gesture.Gesture;
				PRODUCT_NAME = "$(TARGET_NAME)";
				SWIFT_VERSION = 4.2;
				TARGETED_DEVICE_FAMILY = "1,2";
			};
			name = Debug;
		};
		512519CA221B6668001B2539 /* Release */ = {
			isa = XCBuildConfiguration;
			buildSettings = {
				ASSETCATALOG_COMPILER_APPICON_NAME = AppIcon;
				CODE_SIGN_STYLE = Automatic;
				DEVELOPMENT_TEAM = 49XNQU2L99;
				INFOPLIST_FILE = Gesture/Info.plist;
				LD_RUNPATH_SEARCH_PATHS = (
					"$(inherited)",
					"@executable_path/Frameworks",
				);
				PRODUCT_BUNDLE_IDENTIFIER = com.gesture.Gesture;
				PRODUCT_NAME = "$(TARGET_NAME)";
				SWIFT_VERSION = 4.2;
				TARGETED_DEVICE_FAMILY = "1,2";
			};
			name = Release;
		};
		512519CC221B6668001B2539 /* Debug */ = {
			isa = XCBuildConfiguration;
			buildSettings = {
				ALWAYS_EMBED_SWIFT_STANDARD_LIBRARIES = YES;
				BUNDLE_LOADER = "$(TEST_HOST)";
				CODE_SIGN_STYLE = Automatic;
				DEVELOPMENT_TEAM = 49XNQU2L99;
				INFOPLIST_FILE = GestureTests/Info.plist;
				LD_RUNPATH_SEARCH_PATHS = (
					"$(inherited)",
					"@executable_path/Frameworks",
					"@loader_path/Frameworks",
				);
				PRODUCT_BUNDLE_IDENTIFIER = com.gesture.GestureTests;
				PRODUCT_NAME = "$(TARGET_NAME)";
				SWIFT_VERSION = 4.2;
				TARGETED_DEVICE_FAMILY = "1,2";
				TEST_HOST = "$(BUILT_PRODUCTS_DIR)/Gesture.app/Gesture";
			};
			name = Debug;
		};
		512519CD221B6668001B2539 /* Release */ = {
			isa = XCBuildConfiguration;
			buildSettings = {
				ALWAYS_EMBED_SWIFT_STANDARD_LIBRARIES = YES;
				BUNDLE_LOADER = "$(TEST_HOST)";
				CODE_SIGN_STYLE = Automatic;
				DEVELOPMENT_TEAM = 49XNQU2L99;
				INFOPLIST_FILE = GestureTests/Info.plist;
				LD_RUNPATH_SEARCH_PATHS = (
					"$(inherited)",
					"@executable_path/Frameworks",
					"@loader_path/Frameworks",
				);
				PRODUCT_BUNDLE_IDENTIFIER = com.gesture.GestureTests;
				PRODUCT_NAME = "$(TARGET_NAME)";
				SWIFT_VERSION = 4.2;
				TARGETED_DEVICE_FAMILY = "1,2";
				TEST_HOST = "$(BUILT_PRODUCTS_DIR)/Gesture.app/Gesture";
			};
			name = Release;
		};
		512519CF221B6668001B2539 /* Debug */ = {
			isa = XCBuildConfiguration;
			buildSettings = {
				ALWAYS_EMBED_SWIFT_STANDARD_LIBRARIES = YES;
				CODE_SIGN_STYLE = Automatic;
				DEVELOPMENT_TEAM = 49XNQU2L99;
				INFOPLIST_FILE = GestureUITests/Info.plist;
				LD_RUNPATH_SEARCH_PATHS = (
					"$(inherited)",
					"@executable_path/Frameworks",
					"@loader_path/Frameworks",
				);
				PRODUCT_BUNDLE_IDENTIFIER = com.gesture.GestureUITests;
				PRODUCT_NAME = "$(TARGET_NAME)";
				SWIFT_VERSION = 4.2;
				TARGETED_DEVICE_FAMILY = "1,2";
				TEST_TARGET_NAME = Gesture;
			};
			name = Debug;
		};
		512519D0221B6668001B2539 /* Release */ = {
			isa = XCBuildConfiguration;
			buildSettings = {
				ALWAYS_EMBED_SWIFT_STANDARD_LIBRARIES = YES;
				CODE_SIGN_STYLE = Automatic;
				DEVELOPMENT_TEAM = 49XNQU2L99;
				INFOPLIST_FILE = GestureUITests/Info.plist;
				LD_RUNPATH_SEARCH_PATHS = (
					"$(inherited)",
					"@executable_path/Frameworks",
					"@loader_path/Frameworks",
				);
				PRODUCT_BUNDLE_IDENTIFIER = com.gesture.GestureUITests;
				PRODUCT_NAME = "$(TARGET_NAME)";
				SWIFT_VERSION = 4.2;
				TARGETED_DEVICE_FAMILY = "1,2";
				TEST_TARGET_NAME = Gesture;
			};
			name = Release;
		};
/* End XCBuildConfiguration section */

/* Begin XCConfigurationList section */
		5125199B221B6665001B2539 /* Build configuration list for PBXProject "Gesture" */ = {
			isa = XCConfigurationList;
			buildConfigurations = (
				512519C6221B6668001B2539 /* Debug */,
				512519C7221B6668001B2539 /* Release */,
			);
			defaultConfigurationIsVisible = 0;
			defaultConfigurationName = Release;
		};
		512519C8221B6668001B2539 /* Build configuration list for PBXNativeTarget "Gesture" */ = {
			isa = XCConfigurationList;
			buildConfigurations = (
				512519C9221B6668001B2539 /* Debug */,
				512519CA221B6668001B2539 /* Release */,
			);
			defaultConfigurationIsVisible = 0;
			defaultConfigurationName = Release;
		};
		512519CB221B6668001B2539 /* Build configuration list for PBXNativeTarget "GestureTests" */ = {
			isa = XCConfigurationList;
			buildConfigurations = (
				512519CC221B6668001B2539 /* Debug */,
				512519CD221B6668001B2539 /* Release */,
			);
			defaultConfigurationIsVisible = 0;
			defaultConfigurationName = Release;
		};
		512519CE221B6668001B2539 /* Build configuration list for PBXNativeTarget "GestureUITests" */ = {
			isa = XCConfigurationList;
			buildConfigurations = (
				512519CF221B6668001B2539 /* Debug */,
				512519D0221B6668001B2539 /* Release */,
			);
			defaultConfigurationIsVisible = 0;
			defaultConfigurationName = Release;
		};
/* End XCConfigurationList section */
	};
	rootObject = 51251998221B6665001B2539 /* Project object */;
}
